
Microsoft Visual Studio Solution File, Format Version 12.00
# Visual Studio Version 16
VisualStudioVersion = 16.0.32413.511
MinimumVisualStudioVersion = 10.0.40219.1
Project("{FAE04EC0-301F-11D3-BF4B-00C04F79EFBC}") = "TiendaServicios.Api.Autor", "TiendaServicios.Api.Autor\TiendaServicios.Api.Autor.csproj", "{6DB76490-C0A1-4E9E-863B-ACD0BE613C46}"
EndProject
Project("{FAE04EC0-301F-11D3-BF4B-00C04F79EFBC}") = "TiendaServicios.Api.Libro", "TiendaServicios.Api.Libro\TiendaServicios.Api.Libro.csproj", "{1E9219D5-4EA5-494A-94C0-68E3648C6560}"
EndProject
Project("{FAE04EC0-301F-11D3-BF4B-00C04F79EFBC}") = "TiendaServicios.Api.CarritoCompra", "TiendaServicios.Api.CarritoCompra\TiendaServicios.Api.CarritoCompra.csproj", "{BA4421EF-D65C-4261-BDF2-A4959FFB6DED}"
EndProject
Global
	GlobalSection(SolutionConfigurationPlatforms) = preSolution
		Debug|Any CPU = Debug|Any CPU
		Release|Any CPU = Release|Any CPU
	EndGlobalSection
	GlobalSection(ProjectConfigurationPlatforms) = postSolution
		{6DB76490-C0A1-4E9E-863B-ACD0BE613C46}.Debug|Any CPU.ActiveCfg = Debug|Any CPU
		{6DB76490-C0A1-4E9E-863B-ACD0BE613C46}.Debug|Any CPU.Build.0 = Debug|Any CPU
		{6DB76490-C0A1-4E9E-863B-ACD0BE613C46}.Release|Any CPU.ActiveCfg = Release|Any CPU
		{6DB76490-C0A1-4E9E-863B-ACD0BE613C46}.Release|Any CPU.Build.0 = Release|Any CPU
		{1E9219D5-4EA5-494A-94C0-68E3648C6560}.Debug|Any CPU.ActiveCfg = Debug|Any CPU
		{1E9219D5-4EA5-494A-94C0-68E3648C6560}.Debug|Any CPU.Build.0 = Debug|Any CPU
		{1E9219D5-4EA5-494A-94C0-68E3648C6560}.Release|Any CPU.ActiveCfg = Release|Any CPU
		{1E9219D5-4EA5-494A-94C0-68E3648C6560}.Release|Any CPU.Build.0 = Release|Any CPU
		{BA4421EF-D65C-4261-BDF2-A4959FFB6DED}.Debug|Any CPU.ActiveCfg = Debug|Any CPU
		{BA4421EF-D65C-4261-BDF2-A4959FFB6DED}.Debug|Any CPU.Build.0 = Debug|Any CPU
		{BA4421EF-D65C-4261-BDF2-A4959FFB6DED}.Release|Any CPU.ActiveCfg = Release|Any CPU
		{BA4421EF-D65C-4261-BDF2-A4959FFB6DED}.Release|Any CPU.Build.0 = Release|Any CPU
	EndGlobalSection
	GlobalSection(SolutionProperties) = preSolution
		HideSolutionNode = FALSE
	EndGlobalSection
	GlobalSection(ExtensibilityGlobals) = postSolution
		SolutionGuid = {CCB007FE-F928-4F21-B920-9CC3A379299D}
	EndGlobalSection
EndGlobal
